
Microsoft Visual Studio Solution File, Format Version 12.00
# Visual Studio Version 17
VisualStudioVersion = 17.11.35222.181
MinimumVisualStudioVersion = 10.0.40219.1
Project("{2150E333-8FDC-42A3-9474-1A3956D46DE8}") = "Task0", "Task0", "{849CF91A-E20D-4799-AD2F-17FB22BB0FBD}"
EndProject
Project("{9A19103F-16F7-4668-BE54-9A1E7A4F7556}") = "Tyuiu.IvanovPG.Sprint2.Task0.V11", "Tyuiu.IvanovPG.Sprint2.Task0.V11\Tyuiu.IvanovPG.Sprint2.Task0.V11.csproj", "{ADDFB2DA-CCA8-4FFB-9D01-C4B5D7F5A773}"
EndProject
Project("{9A19103F-16F7-4668-BE54-9A1E7A4F7556}") = "Tyuiu.IvanovPG.Sprint2.Task0.V11.Lib", "Tyuiu.IvanovPG.Sprint2.Task0.V11.Lib\Tyuiu.IvanovPG.Sprint2.Task0.V11.Lib.csproj", "{9B17E09C-A28E-4725-9E1C-D6A4B9184E48}"
EndProject
Project("{9A19103F-16F7-4668-BE54-9A1E7A4F7556}") = "Tyuiu.IvanovPG.Sprint2.Task0.V11.Test", "Tyuiu.IvanovPG.Sprint2.Task0.V11.Test\Tyuiu.IvanovPG.Sprint2.Task0.V11.Test.csproj", "{36E019DD-7BB0-46DF-99EF-AE0D92C3DEFB}"
EndProject
Project("{2150E333-8FDC-42A3-9474-1A3956D46DE8}") = "Task1", "Task1", "{94E485DF-81C5-40F2-BC6F-649FCFD2934C}"
EndProject
Project("{9A19103F-16F7-4668-BE54-9A1E7A4F7556}") = "Tyuiu.IvanovPG.Sprint2.Task1.V16", "Tyuiu.IvanovPG.Sprint2.Task1.V16\Tyuiu.IvanovPG.Sprint2.Task1.V16.csproj", "{319E75DE-BCE8-424E-ACA0-B452772CC715}"
EndProject
Project("{9A19103F-16F7-4668-BE54-9A1E7A4F7556}") = "Tyuiu.IvanovPG.Sprint2.Task1.V16.Lib", "Tyuiu.IvanovPG.Sprint2.Task1.V16.Lib\Tyuiu.IvanovPG.Sprint2.Task1.V16.Lib.csproj", "{98B4AC91-65A4-446C-B06D-E797489775A6}"
EndProject
Project("{9A19103F-16F7-4668-BE54-9A1E7A4F7556}") = "Tyuiu.IvanovPG.Sprint2.Task1.V16.Test", "Tyuiu.IvanovPG.Sprint2.Task1.V16.Test\Tyuiu.IvanovPG.Sprint2.Task1.V16.Test.csproj", "{9009D8A1-4C60-4828-A7F1-0C05F304687F}"
EndProject
Project("{2150E333-8FDC-42A3-9474-1A3956D46DE8}") = "Task2", "Task2", "{180514BE-FD90-4BFE-9B0B-25C98AF71DB3}"
EndProject
Project("{9A19103F-16F7-4668-BE54-9A1E7A4F7556}") = "Tyuiu.IvanovPG.Sprint2.Task2.V11", "Tyuiu.IvanovPG.Sprint2.Task2.V11\Tyuiu.IvanovPG.Sprint2.Task2.V11.csproj", "{C16B6412-A762-4DAD-BDEB-CF6D04CA7DCB}"
EndProject
Project("{9A19103F-16F7-4668-BE54-9A1E7A4F7556}") = "Tyuiu.IvanovPG.Sprint2.Task2.V11.Lib", "Tyuiu.IvanovPG.Sprint2.Task2.V11.Lib\Tyuiu.IvanovPG.Sprint2.Task2.V11.Lib.csproj", "{0C6ABDD2-5259-4CC6-8FEF-8460CD36C770}"
EndProject
Project("{9A19103F-16F7-4668-BE54-9A1E7A4F7556}") = "Tyuiu.IvanovPG.Sprint2.Task2.V11.Test", "Tyuiu.IvanovPG.Sprint2.Task2.V11.Test\Tyuiu.IvanovPG.Sprint2.Task2.V11.Test.csproj", "{271D308F-BC02-4931-A8FF-5EA45F730E4E}"
EndProject
Project("{2150E333-8FDC-42A3-9474-1A3956D46DE8}") = "Task3", "Task3", "{5E2D6BC8-132A-4529-834F-CE5C8238AD8E}"
EndProject
Project("{9A19103F-16F7-4668-BE54-9A1E7A4F7556}") = "Tyuiu.IvanovPG.Sprint2.Task3.V22", "Tyuiu.IvanovPG.Sprint2.Task3.V22\Tyuiu.IvanovPG.Sprint2.Task3.V22.csproj", "{1889C6C6-D7F9-442D-AC1E-5C2413D781FA}"
EndProject
Project("{9A19103F-16F7-4668-BE54-9A1E7A4F7556}") = "Tyuiu.IvanovPG.Sprint2.Task3.V22.Lib", "Tyuiu.IvanovPG.Sprint2.Task3.V22.Lib\Tyuiu.IvanovPG.Sprint2.Task3.V22.Lib.csproj", "{21112BF2-87BD-4801-A1A4-BD68F31F0580}"
EndProject
Project("{9A19103F-16F7-4668-BE54-9A1E7A4F7556}") = "Tyuiu.IvanovPG.Sprint2.Task3.V22.Test", "Tyuiu.IvanovPG.Sprint2.Task3.V22.Test\Tyuiu.IvanovPG.Sprint2.Task3.V22.Test.csproj", "{B8A3F6F4-E116-42F8-A63E-7171262E8B02}"
EndProject
Project("{2150E333-8FDC-42A3-9474-1A3956D46DE8}") = "Task4", "Task4", "{717988BB-CB26-40C3-BFA7-A3ACD8A8DC20}"
EndProject
Project("{9A19103F-16F7-4668-BE54-9A1E7A4F7556}") = "Tyuiu.IvanovPG.Sprint2.Task4.V21", "Tyuiu.IvanovPG.Sprint2.Task4.V21\Tyuiu.IvanovPG.Sprint2.Task4.V21.csproj", "{DCA80BDF-17E4-40A2-B8B6-4A70AD621117}"
EndProject
Project("{9A19103F-16F7-4668-BE54-9A1E7A4F7556}") = "Tyuiu.IvanovPG.Sprint2.Task4.V21.Lib", "Tyuiu.IvanovPG.Sprint2.Task4.V21.Lib\Tyuiu.IvanovPG.Sprint2.Task4.V21.Lib.csproj", "{621BD783-D3D3-40E4-9565-A0DDB9378465}"
EndProject
Project("{9A19103F-16F7-4668-BE54-9A1E7A4F7556}") = "Tyuiu.IvanovPG.Sprint2.Task4.V21.Test", "Tyuiu.IvanovPG.Sprint2.Task4.V21.Test\Tyuiu.IvanovPG.Sprint2.Task4.V21.Test.csproj", "{E8964CE7-5C36-491F-96EE-224790AD12C6}"
EndProject
Project("{2150E333-8FDC-42A3-9474-1A3956D46DE8}") = "Task5", "Task5", "{8710D8A3-3C75-4C45-B019-73F6B0A855EB}"
EndProject
Project("{9A19103F-16F7-4668-BE54-9A1E7A4F7556}") = "Tyuiu.IvanovPG.Sprint2.Task5.V15", "Tyuiu.IvanovPG.Sprint2.Task5.V15\Tyuiu.IvanovPG.Sprint2.Task5.V15.csproj", "{9965B00F-14CD-4E43-ACC7-38A8CF71CE41}"
EndProject
Project("{9A19103F-16F7-4668-BE54-9A1E7A4F7556}") = "Tyuiu.IvanovPG.Sprint2.Task5.V15.Lib", "Tyuiu.IvanovPG.Sprint2.Task5.V15.Lib\Tyuiu.IvanovPG.Sprint2.Task5.V15.Lib.csproj", "{96A2F5F6-1765-4FD2-9B8E-B9B54FF703CE}"
EndProject
Project("{9A19103F-16F7-4668-BE54-9A1E7A4F7556}") = "Tyuiu.IvanovPG.Sprint2.Task5.V15.Test", "Tyuiu.IvanovPG.Sprint2.Task5.V15.Test\Tyuiu.IvanovPG.Sprint2.Task5.V15.Test.csproj", "{249C263E-0C8E-45F4-B143-DA1AA7A72168}"
EndProject
Project("{2150E333-8FDC-42A3-9474-1A3956D46DE8}") = "Task6", "Task6", "{B80ECB42-5417-4C4E-9D56-C2A5E4837DCE}"
EndProject
Project("{FAE04EC0-301F-11D3-BF4B-00C04F79EFBC}") = "Tyuiu.IvanovPG.Sprint2.Task6.V6", "Tyuiu.IvanovPG.Sprint2.Task6.V6\Tyuiu.IvanovPG.Sprint2.Task6.V6.csproj", "{041E529E-5312-43DD-8EC2-5217736E7BF3}"
EndProject
Project("{FAE04EC0-301F-11D3-BF4B-00C04F79EFBC}") = "Tyuiu.IvanovPG.Sprint2.Task6.V6.Lib", "Tyuiu.IvanovPG.Sprint2.Task6.V6.Lib\Tyuiu.IvanovPG.Sprint2.Task6.V6.Lib.csproj", "{052B257C-A592-4902-8381-1F1DB7766E12}"
EndProject
Project("{FAE04EC0-301F-11D3-BF4B-00C04F79EFBC}") = "Tyuiu.IvanovPG.Sprint2.Task6.V6.Test", "Tyuiu.IvanovPG.Sprint2.Task6.V6.Test\Tyuiu.IvanovPG.Sprint2.Task6.V6.Test.csproj", "{D4B001D1-3499-413C-883E-8E8EBE9A48DD}"
EndProject
Project("{2150E333-8FDC-42A3-9474-1A3956D46DE8}") = "Task7", "Task7", "{21A44688-B32E-4075-AE9D-521E0DE64424}"
EndProject
Project("{FAE04EC0-301F-11D3-BF4B-00C04F79EFBC}") = "Tyuiu.IvanovPG.Sprint2.Task7.V12", "Tyuiu.IvanovPG.Sprint2.Task7.V12\Tyuiu.IvanovPG.Sprint2.Task7.V12.csproj", "{4A9C8E72-3E42-4629-B0D5-E922D29AACAE}"
EndProject
Project("{FAE04EC0-301F-11D3-BF4B-00C04F79EFBC}") = "Tyuiu.IvanovPG.Sprint2.Task7.V12.Lib", "Tyuiu.IvanovPG.Sprint2.Task7.V12.Lib\Tyuiu.IvanovPG.Sprint2.Task7.V12.Lib.csproj", "{EA59BCB8-18FB-4D2C-A093-F43D1A667344}"
EndProject
Project("{FAE04EC0-301F-11D3-BF4B-00C04F79EFBC}") = "Tyuiu.IvanovPG.Sprint2.Task7.V12.Test", "Tyuiu.IvanovPG.Sprint2.Task7.V12.Test\Tyuiu.IvanovPG.Sprint2.Task7.V12.Test.csproj", "{00EDCB20-B940-433C-B830-35592BACCE3C}"
EndProject
Global
	GlobalSection(SolutionConfigurationPlatforms) = preSolution
		Debug|Any CPU = Debug|Any CPU
		Release|Any CPU = Release|Any CPU
	EndGlobalSection
	GlobalSection(ProjectConfigurationPlatforms) = postSolution
		{ADDFB2DA-CCA8-4FFB-9D01-C4B5D7F5A773}.Debug|Any CPU.ActiveCfg = Debug|Any CPU
		{ADDFB2DA-CCA8-4FFB-9D01-C4B5D7F5A773}.Debug|Any CPU.Build.0 = Debug|Any CPU
		{ADDFB2DA-CCA8-4FFB-9D01-C4B5D7F5A773}.Release|Any CPU.ActiveCfg = Release|Any CPU
		{ADDFB2DA-CCA8-4FFB-9D01-C4B5D7F5A773}.Release|Any CPU.Build.0 = Release|Any CPU
		{9B17E09C-A28E-4725-9E1C-D6A4B9184E48}.Debug|Any CPU.ActiveCfg = Debug|Any CPU
		{9B17E09C-A28E-4725-9E1C-D6A4B9184E48}.Debug|Any CPU.Build.0 = Debug|Any CPU
		{9B17E09C-A28E-4725-9E1C-D6A4B9184E48}.Release|Any CPU.ActiveCfg = Release|Any CPU
		{9B17E09C-A28E-4725-9E1C-D6A4B9184E48}.Release|Any CPU.Build.0 = Release|Any CPU
		{36E019DD-7BB0-46DF-99EF-AE0D92C3DEFB}.Debug|Any CPU.ActiveCfg = Debug|Any CPU
		{36E019DD-7BB0-46DF-99EF-AE0D92C3DEFB}.Debug|Any CPU.Build.0 = Debug|Any CPU
		{36E019DD-7BB0-46DF-99EF-AE0D92C3DEFB}.Release|Any CPU.ActiveCfg = Release|Any CPU
		{36E019DD-7BB0-46DF-99EF-AE0D92C3DEFB}.Release|Any CPU.Build.0 = Release|Any CPU
		{319E75DE-BCE8-424E-ACA0-B452772CC715}.Debug|Any CPU.ActiveCfg = Debug|Any CPU
		{319E75DE-BCE8-424E-ACA0-B452772CC715}.Debug|Any CPU.Build.0 = Debug|Any CPU
		{319E75DE-BCE8-424E-ACA0-B452772CC715}.Release|Any CPU.ActiveCfg = Release|Any CPU
		{319E75DE-BCE8-424E-ACA0-B452772CC715}.Release|Any CPU.Build.0 = Release|Any CPU
		{98B4AC91-65A4-446C-B06D-E797489775A6}.Debug|Any CPU.ActiveCfg = Debug|Any CPU
		{98B4AC91-65A4-446C-B06D-E797489775A6}.Debug|Any CPU.Build.0 = Debug|Any CPU
		{98B4AC91-65A4-446C-B06D-E797489775A6}.Release|Any CPU.ActiveCfg = Release|Any CPU
		{98B4AC91-65A4-446C-B06D-E797489775A6}.Release|Any CPU.Build.0 = Release|Any CPU
		{9009D8A1-4C60-4828-A7F1-0C05F304687F}.Debug|Any CPU.ActiveCfg = Debug|Any CPU
		{9009D8A1-4C60-4828-A7F1-0C05F304687F}.Debug|Any CPU.Build.0 = Debug|Any CPU
		{9009D8A1-4C60-4828-A7F1-0C05F304687F}.Release|Any CPU.ActiveCfg = Release|Any CPU
		{9009D8A1-4C60-4828-A7F1-0C05F304687F}.Release|Any CPU.Build.0 = Release|Any CPU
		{C16B6412-A762-4DAD-BDEB-CF6D04CA7DCB}.Debug|Any CPU.ActiveCfg = Debug|Any CPU
		{C16B6412-A762-4DAD-BDEB-CF6D04CA7DCB}.Debug|Any CPU.Build.0 = Debug|Any CPU
		{C16B6412-A762-4DAD-BDEB-CF6D04CA7DCB}.Release|Any CPU.ActiveCfg = Release|Any CPU
		{C16B6412-A762-4DAD-BDEB-CF6D04CA7DCB}.Release|Any CPU.Build.0 = Release|Any CPU
		{0C6ABDD2-5259-4CC6-8FEF-8460CD36C770}.Debug|Any CPU.ActiveCfg = Debug|Any CPU
		{0C6ABDD2-5259-4CC6-8FEF-8460CD36C770}.Debug|Any CPU.Build.0 = Debug|Any CPU
		{0C6ABDD2-5259-4CC6-8FEF-8460CD36C770}.Release|Any CPU.ActiveCfg = Release|Any CPU
		{0C6ABDD2-5259-4CC6-8FEF-8460CD36C770}.Release|Any CPU.Build.0 = Release|Any CPU
		{271D308F-BC02-4931-A8FF-5EA45F730E4E}.Debug|Any CPU.ActiveCfg = Debug|Any CPU
		{271D308F-BC02-4931-A8FF-5EA45F730E4E}.Debug|Any CPU.Build.0 = Debug|Any CPU
		{271D308F-BC02-4931-A8FF-5EA45F730E4E}.Release|Any CPU.ActiveCfg = Release|Any CPU
		{271D308F-BC02-4931-A8FF-5EA45F730E4E}.Release|Any CPU.Build.0 = Release|Any CPU
		{1889C6C6-D7F9-442D-AC1E-5C2413D781FA}.Debug|Any CPU.ActiveCfg = Debug|Any CPU
		{1889C6C6-D7F9-442D-AC1E-5C2413D781FA}.Debug|Any CPU.Build.0 = Debug|Any CPU
		{1889C6C6-D7F9-442D-AC1E-5C2413D781FA}.Release|Any CPU.ActiveCfg = Release|Any CPU
		{1889C6C6-D7F9-442D-AC1E-5C2413D781FA}.Release|Any CPU.Build.0 = Release|Any CPU
		{21112BF2-87BD-4801-A1A4-BD68F31F0580}.Debug|Any CPU.ActiveCfg = Debug|Any CPU
		{21112BF2-87BD-4801-A1A4-BD68F31F0580}.Debug|Any CPU.Build.0 = Debug|Any CPU
		{21112BF2-87BD-4801-A1A4-BD68F31F0580}.Release|Any CPU.ActiveCfg = Release|Any CPU
		{21112BF2-87BD-4801-A1A4-BD68F31F0580}.Release|Any CPU.Build.0 = Release|Any CPU
		{B8A3F6F4-E116-42F8-A63E-7171262E8B02}.Debug|Any CPU.ActiveCfg = Debug|Any CPU
		{B8A3F6F4-E116-42F8-A63E-7171262E8B02}.Debug|Any CPU.Build.0 = Debug|Any CPU
		{B8A3F6F4-E116-42F8-A63E-7171262E8B02}.Release|Any CPU.ActiveCfg = Release|Any CPU
		{B8A3F6F4-E116-42F8-A63E-7171262E8B02}.Release|Any CPU.Build.0 = Release|Any CPU
		{DCA80BDF-17E4-40A2-B8B6-4A70AD621117}.Debug|Any CPU.ActiveCfg = Debug|Any CPU
		{DCA80BDF-17E4-40A2-B8B6-4A70AD621117}.Debug|Any CPU.Build.0 = Debug|Any CPU
		{DCA80BDF-17E4-40A2-B8B6-4A70AD621117}.Release|Any CPU.ActiveCfg = Release|Any CPU
		{DCA80BDF-17E4-40A2-B8B6-4A70AD621117}.Release|Any CPU.Build.0 = Release|Any CPU
		{621BD783-D3D3-40E4-9565-A0DDB9378465}.Debug|Any CPU.ActiveCfg = Debug|Any CPU
		{621BD783-D3D3-40E4-9565-A0DDB9378465}.Debug|Any CPU.Build.0 = Debug|Any CPU
		{621BD783-D3D3-40E4-9565-A0DDB9378465}.Release|Any CPU.ActiveCfg = Release|Any CPU
		{621BD783-D3D3-40E4-9565-A0DDB9378465}.Release|Any CPU.Build.0 = Release|Any CPU
		{E8964CE7-5C36-491F-96EE-224790AD12C6}.Debug|Any CPU.ActiveCfg = Debug|Any CPU
		{E8964CE7-5C36-491F-96EE-224790AD12C6}.Debug|Any CPU.Build.0 = Debug|Any CPU
		{E8964CE7-5C36-491F-96EE-224790AD12C6}.Release|Any CPU.ActiveCfg = Release|Any CPU
		{E8964CE7-5C36-491F-96EE-224790AD12C6}.Release|Any CPU.Build.0 = Release|Any CPU
		{9965B00F-14CD-4E43-ACC7-38A8CF71CE41}.Debug|Any CPU.ActiveCfg = Debug|Any CPU
		{9965B00F-14CD-4E43-ACC7-38A8CF71CE41}.Debug|Any CPU.Build.0 = Debug|Any CPU
		{9965B00F-14CD-4E43-ACC7-38A8CF71CE41}.Release|Any CPU.ActiveCfg = Release|Any CPU
		{9965B00F-14CD-4E43-ACC7-38A8CF71CE41}.Release|Any CPU.Build.0 = Release|Any CPU
		{96A2F5F6-1765-4FD2-9B8E-B9B54FF703CE}.Debug|Any CPU.ActiveCfg = Debug|Any CPU
		{96A2F5F6-1765-4FD2-9B8E-B9B54FF703CE}.Debug|Any CPU.Build.0 = Debug|Any CPU
		{96A2F5F6-1765-4FD2-9B8E-B9B54FF703CE}.Release|Any CPU.ActiveCfg = Release|Any CPU
		{96A2F5F6-1765-4FD2-9B8E-B9B54FF703CE}.Release|Any CPU.Build.0 = Release|Any CPU
		{249C263E-0C8E-45F4-B143-DA1AA7A72168}.Debug|Any CPU.ActiveCfg = Debug|Any CPU
		{249C263E-0C8E-45F4-B143-DA1AA7A72168}.Debug|Any CPU.Build.0 = Debug|Any CPU
		{249C263E-0C8E-45F4-B143-DA1AA7A72168}.Release|Any CPU.ActiveCfg = Release|Any CPU
		{249C263E-0C8E-45F4-B143-DA1AA7A72168}.Release|Any CPU.Build.0 = Release|Any CPU
		{041E529E-5312-43DD-8EC2-5217736E7BF3}.Debug|Any CPU.ActiveCfg = Debug|Any CPU
		{041E529E-5312-43DD-8EC2-5217736E7BF3}.Debug|Any CPU.Build.0 = Debug|Any CPU
		{041E529E-5312-43DD-8EC2-5217736E7BF3}.Release|Any CPU.ActiveCfg = Release|Any CPU
		{041E529E-5312-43DD-8EC2-5217736E7BF3}.Release|Any CPU.Build.0 = Release|Any CPU
		{052B257C-A592-4902-8381-1F1DB7766E12}.Debug|Any CPU.ActiveCfg = Debug|Any CPU
		{052B257C-A592-4902-8381-1F1DB7766E12}.Debug|Any CPU.Build.0 = Debug|Any CPU
		{052B257C-A592-4902-8381-1F1DB7766E12}.Release|Any CPU.ActiveCfg = Release|Any CPU
		{052B257C-A592-4902-8381-1F1DB7766E12}.Release|Any CPU.Build.0 = Release|Any CPU
		{D4B001D1-3499-413C-883E-8E8EBE9A48DD}.Debug|Any CPU.ActiveCfg = Debug|Any CPU
		{D4B001D1-3499-413C-883E-8E8EBE9A48DD}.Debug|Any CPU.Build.0 = Debug|Any CPU
		{D4B001D1-3499-413C-883E-8E8EBE9A48DD}.Release|Any CPU.ActiveCfg = Release|Any CPU
		{D4B001D1-3499-413C-883E-8E8EBE9A48DD}.Release|Any CPU.Build.0 = Release|Any CPU
		{4A9C8E72-3E42-4629-B0D5-E922D29AACAE}.Debug|Any CPU.ActiveCfg = Debug|Any CPU
		{4A9C8E72-3E42-4629-B0D5-E922D29AACAE}.Debug|Any CPU.Build.0 = Debug|Any CPU
		{4A9C8E72-3E42-4629-B0D5-E922D29AACAE}.Release|Any CPU.ActiveCfg = Release|Any CPU
		{4A9C8E72-3E42-4629-B0D5-E922D29AACAE}.Release|Any CPU.Build.0 = Release|Any CPU
		{EA59BCB8-18FB-4D2C-A093-F43D1A667344}.Debug|Any CPU.ActiveCfg = Debug|Any CPU
		{EA59BCB8-18FB-4D2C-A093-F43D1A667344}.Debug|Any CPU.Build.0 = Debug|Any CPU
		{EA59BCB8-18FB-4D2C-A093-F43D1A667344}.Release|Any CPU.ActiveCfg = Release|Any CPU
		{EA59BCB8-18FB-4D2C-A093-F43D1A667344}.Release|Any CPU.Build.0 = Release|Any CPU
		{00EDCB20-B940-433C-B830-35592BACCE3C}.Debug|Any CPU.ActiveCfg = Debug|Any CPU
		{00EDCB20-B940-433C-B830-35592BACCE3C}.Debug|Any CPU.Build.0 = Debug|Any CPU
		{00EDCB20-B940-433C-B830-35592BACCE3C}.Release|Any CPU.ActiveCfg = Release|Any CPU
		{00EDCB20-B940-433C-B830-35592BACCE3C}.Release|Any CPU.Build.0 = Release|Any CPU
	EndGlobalSection
	GlobalSection(SolutionProperties) = preSolution
		HideSolutionNode = FALSE
	EndGlobalSection
	GlobalSection(NestedProjects) = preSolution
		{ADDFB2DA-CCA8-4FFB-9D01-C4B5D7F5A773} = {849CF91A-E20D-4799-AD2F-17FB22BB0FBD}
		{9B17E09C-A28E-4725-9E1C-D6A4B9184E48} = {849CF91A-E20D-4799-AD2F-17FB22BB0FBD}
		{36E019DD-7BB0-46DF-99EF-AE0D92C3DEFB} = {849CF91A-E20D-4799-AD2F-17FB22BB0FBD}
		{319E75DE-BCE8-424E-ACA0-B452772CC715} = {94E485DF-81C5-40F2-BC6F-649FCFD2934C}
		{98B4AC91-65A4-446C-B06D-E797489775A6} = {94E485DF-81C5-40F2-BC6F-649FCFD2934C}
		{9009D8A1-4C60-4828-A7F1-0C05F304687F} = {94E485DF-81C5-40F2-BC6F-649FCFD2934C}
		{C16B6412-A762-4DAD-BDEB-CF6D04CA7DCB} = {180514BE-FD90-4BFE-9B0B-25C98AF71DB3}
		{0C6ABDD2-5259-4CC6-8FEF-8460CD36C770} = {180514BE-FD90-4BFE-9B0B-25C98AF71DB3}
		{271D308F-BC02-4931-A8FF-5EA45F730E4E} = {180514BE-FD90-4BFE-9B0B-25C98AF71DB3}
		{1889C6C6-D7F9-442D-AC1E-5C2413D781FA} = {5E2D6BC8-132A-4529-834F-CE5C8238AD8E}
		{21112BF2-87BD-4801-A1A4-BD68F31F0580} = {5E2D6BC8-132A-4529-834F-CE5C8238AD8E}
		{B8A3F6F4-E116-42F8-A63E-7171262E8B02} = {5E2D6BC8-132A-4529-834F-CE5C8238AD8E}
		{DCA80BDF-17E4-40A2-B8B6-4A70AD621117} = {717988BB-CB26-40C3-BFA7-A3ACD8A8DC20}
		{621BD783-D3D3-40E4-9565-A0DDB9378465} = {717988BB-CB26-40C3-BFA7-A3ACD8A8DC20}
		{E8964CE7-5C36-491F-96EE-224790AD12C6} = {717988BB-CB26-40C3-BFA7-A3ACD8A8DC20}
		{9965B00F-14CD-4E43-ACC7-38A8CF71CE41} = {8710D8A3-3C75-4C45-B019-73F6B0A855EB}
		{96A2F5F6-1765-4FD2-9B8E-B9B54FF703CE} = {8710D8A3-3C75-4C45-B019-73F6B0A855EB}
		{249C263E-0C8E-45F4-B143-DA1AA7A72168} = {8710D8A3-3C75-4C45-B019-73F6B0A855EB}
		{041E529E-5312-43DD-8EC2-5217736E7BF3} = {B80ECB42-5417-4C4E-9D56-C2A5E4837DCE}
		{052B257C-A592-4902-8381-1F1DB7766E12} = {B80ECB42-5417-4C4E-9D56-C2A5E4837DCE}
		{D4B001D1-3499-413C-883E-8E8EBE9A48DD} = {B80ECB42-5417-4C4E-9D56-C2A5E4837DCE}
		{4A9C8E72-3E42-4629-B0D5-E922D29AACAE} = {21A44688-B32E-4075-AE9D-521E0DE64424}
		{EA59BCB8-18FB-4D2C-A093-F43D1A667344} = {21A44688-B32E-4075-AE9D-521E0DE64424}
		{00EDCB20-B940-433C-B830-35592BACCE3C} = {21A44688-B32E-4075-AE9D-521E0DE64424}
	EndGlobalSection
	GlobalSection(ExtensibilityGlobals) = postSolution
		SolutionGuid = {D6238913-4CD8-4C3E-9F70-55DB6672BADE}
	EndGlobalSection
EndGlobal
